
Microsoft Visual Studio Solution File, Format Version 12.00
# Visual Studio Version 16
VisualStudioVersion = 16.0.31005.135
MinimumVisualStudioVersion = 10.0.40219.1
Project("{FAE04EC0-301F-11D3-BF4B-00C04F79EFBC}") = "Практика_3", "Практика_3\Практика_3.csproj", "{DE9497AD-E02C-41B6-929B-E9803DE511EB}"
EndProject
Global
	GlobalSection(SolutionConfigurationPlatforms) = preSolution
		Debug|Any CPU = Debug|Any CPU
		Release|Any CPU = Release|Any CPU
	EndGlobalSection
	GlobalSection(ProjectConfigurationPlatforms) = postSolution
		{DE9497AD-E02C-41B6-929B-E9803DE511EB}.Debug|Any CPU.ActiveCfg = Debug|Any CPU
		{DE9497AD-E02C-41B6-929B-E9803DE511EB}.Debug|Any CPU.Build.0 = Debug|Any CPU
		{DE9497AD-E02C-41B6-929B-E9803DE511EB}.Release|Any CPU.ActiveCfg = Release|Any CPU
		{DE9497AD-E02C-41B6-929B-E9803DE511EB}.Release|Any CPU.Build.0 = Release|Any CPU
	EndGlobalSection
	GlobalSection(SolutionProperties) = preSolution
		HideSolutionNode = FALSE
	EndGlobalSection
	GlobalSection(ExtensibilityGlobals) = postSolution
		SolutionGuid = {97E1F4C6-D650-425F-9CFA-299F5F99F764}
	EndGlobalSection
EndGlobal
